
Microsoft Visual Studio Solution File, Format Version 12.00
# Visual Studio Version 17
VisualStudioVersion = 17.10.34928.147
MinimumVisualStudioVersion = 10.0.40219.1
Project("{FAE04EC0-301F-11D3-BF4B-00C04F79EFBC}") = "AniFlow .NET", "AniFlow .NET.csproj", "{64C9CDCB-DA7A-4D64-B5B3-9BE56E5746D2}"
EndProject
Global
	GlobalSection(SolutionConfigurationPlatforms) = preSolution
		Debug|Any CPU = Debug|Any CPU
		Release|Any CPU = Release|Any CPU
	EndGlobalSection
	GlobalSection(ProjectConfigurationPlatforms) = postSolution
		{64C9CDCB-DA7A-4D64-B5B3-9BE56E5746D2}.Debug|Any CPU.ActiveCfg = Debug|Any CPU
		{64C9CDCB-DA7A-4D64-B5B3-9BE56E5746D2}.Debug|Any CPU.Build.0 = Debug|Any CPU
		{64C9CDCB-DA7A-4D64-B5B3-9BE56E5746D2}.Release|Any CPU.ActiveCfg = Release|Any CPU
		{64C9CDCB-DA7A-4D64-B5B3-9BE56E5746D2}.Release|Any CPU.Build.0 = Release|Any CPU
	EndGlobalSection
	GlobalSection(SolutionProperties) = preSolution
		HideSolutionNode = FALSE
	EndGlobalSection
	GlobalSection(ExtensibilityGlobals) = postSolution
		SolutionGuid = {5A4EC51C-F724-4280-9A03-9AA54F74CE56}
	EndGlobalSection
EndGlobal
